
Microsoft Visual Studio Solution File, Format Version 12.00
# Visual Studio 15
VisualStudioVersion = 15.0.28307.1267
MinimumVisualStudioVersion = 10.0.40219.1
Project("{FAE04EC0-301F-11D3-BF4B-00C04F79EFBC}") = "LJCUnitMeasure", "LJCUnitMeasure\LJCUnitMeasure.csproj", "{B05672EC-874F-4B27-BCEB-A323A6195173}"
EndProject
Project("{FAE04EC0-301F-11D3-BF4B-00C04F79EFBC}") = "LJCUnitMeasureDAL", "LJCUnitMeasureDAL\LJCUnitMeasureDAL.csproj", "{8C74D6F1-FF0F-43DA-9222-C39DA26B12AC}"
EndProject
Global
	GlobalSection(SolutionConfigurationPlatforms) = preSolution
		Debug|Any CPU = Debug|Any CPU
		Release|Any CPU = Release|Any CPU
	EndGlobalSection
	GlobalSection(ProjectConfigurationPlatforms) = postSolution
		{B05672EC-874F-4B27-BCEB-A323A6195173}.Debug|Any CPU.ActiveCfg = Debug|Any CPU
		{B05672EC-874F-4B27-BCEB-A323A6195173}.Debug|Any CPU.Build.0 = Debug|Any CPU
		{B05672EC-874F-4B27-BCEB-A323A6195173}.Release|Any CPU.ActiveCfg = Release|Any CPU
		{B05672EC-874F-4B27-BCEB-A323A6195173}.Release|Any CPU.Build.0 = Release|Any CPU
		{8C74D6F1-FF0F-43DA-9222-C39DA26B12AC}.Debug|Any CPU.ActiveCfg = Debug|Any CPU
		{8C74D6F1-FF0F-43DA-9222-C39DA26B12AC}.Debug|Any CPU.Build.0 = Debug|Any CPU
		{8C74D6F1-FF0F-43DA-9222-C39DA26B12AC}.Release|Any CPU.ActiveCfg = Release|Any CPU
		{8C74D6F1-FF0F-43DA-9222-C39DA26B12AC}.Release|Any CPU.Build.0 = Release|Any CPU
	EndGlobalSection
	GlobalSection(SolutionProperties) = preSolution
		HideSolutionNode = FALSE
	EndGlobalSection
	GlobalSection(ExtensibilityGlobals) = postSolution
		SolutionGuid = {1802DB5C-2295-40B7-83E6-1C21BBE6B31F}
	EndGlobalSection
EndGlobal
