
Microsoft Visual Studio Solution File, Format Version 12.00
# Visual Studio Version 17
VisualStudioVersion = 17.7.34202.233
MinimumVisualStudioVersion = 10.0.40219.1
Project("{FAE04EC0-301F-11D3-BF4B-00C04F79EFBC}") = "LJCGenDocLib", "LJCGenDocLib\LJCGenDocLib.csproj", "{F946C945-9A9B-4521-AD32-696C84F52D7A}"
EndProject
Project("{FAE04EC0-301F-11D3-BF4B-00C04F79EFBC}") = "LJCDocGen", "LJCDocGen\LJCDocGen.csproj", "{FE016559-C68F-4EF5-9653-1808E0E82482}"
EndProject
Project("{FAE04EC0-301F-11D3-BF4B-00C04F79EFBC}") = "LJCGenDocDAL", "LJCGenDocDAL\LJCGenDocDAL.csproj", "{C3D5C785-74A8-473E-81B4-35E07BE7832A}"
EndProject
Project("{FAE04EC0-301F-11D3-BF4B-00C04F79EFBC}") = "TestSyntaxConsole", "TestSyntaxConsole\TestSyntaxConsole.csproj", "{5D8C8BB9-C9B8-4672-B070-C5ECB7115CCE}"
EndProject
Project("{FAE04EC0-301F-11D3-BF4B-00C04F79EFBC}") = "LJCDocXMLObjLib", "LJCDocXMLObjLib\LJCDocXMLObjLib.csproj", "{2037180D-F3FD-4559-AD78-37E7F018BD33}"
EndProject
Project("{FAE04EC0-301F-11D3-BF4B-00C04F79EFBC}") = "LJCDocObjLib", "LJCDocObjLib\LJCDocObjLib.csproj", "{5D43C94F-C0CE-416F-B842-3A0289F8A93B}"
EndProject
Project("{FAE04EC0-301F-11D3-BF4B-00C04F79EFBC}") = "GenDocScript", "GenDocScript\GenDocScript.csproj", "{AD484467-7659-4897-BF32-8EE523E589D3}"
EndProject
Global
	GlobalSection(SolutionConfigurationPlatforms) = preSolution
		Debug|Any CPU = Debug|Any CPU
		Release|Any CPU = Release|Any CPU
	EndGlobalSection
	GlobalSection(ProjectConfigurationPlatforms) = postSolution
		{F946C945-9A9B-4521-AD32-696C84F52D7A}.Debug|Any CPU.ActiveCfg = Debug|Any CPU
		{F946C945-9A9B-4521-AD32-696C84F52D7A}.Debug|Any CPU.Build.0 = Debug|Any CPU
		{F946C945-9A9B-4521-AD32-696C84F52D7A}.Release|Any CPU.ActiveCfg = Release|Any CPU
		{F946C945-9A9B-4521-AD32-696C84F52D7A}.Release|Any CPU.Build.0 = Release|Any CPU
		{FE016559-C68F-4EF5-9653-1808E0E82482}.Debug|Any CPU.ActiveCfg = Debug|Any CPU
		{FE016559-C68F-4EF5-9653-1808E0E82482}.Debug|Any CPU.Build.0 = Debug|Any CPU
		{FE016559-C68F-4EF5-9653-1808E0E82482}.Release|Any CPU.ActiveCfg = Release|Any CPU
		{FE016559-C68F-4EF5-9653-1808E0E82482}.Release|Any CPU.Build.0 = Release|Any CPU
		{C3D5C785-74A8-473E-81B4-35E07BE7832A}.Debug|Any CPU.ActiveCfg = Debug|Any CPU
		{C3D5C785-74A8-473E-81B4-35E07BE7832A}.Debug|Any CPU.Build.0 = Debug|Any CPU
		{C3D5C785-74A8-473E-81B4-35E07BE7832A}.Release|Any CPU.ActiveCfg = Release|Any CPU
		{C3D5C785-74A8-473E-81B4-35E07BE7832A}.Release|Any CPU.Build.0 = Release|Any CPU
		{5D8C8BB9-C9B8-4672-B070-C5ECB7115CCE}.Debug|Any CPU.ActiveCfg = Debug|Any CPU
		{5D8C8BB9-C9B8-4672-B070-C5ECB7115CCE}.Debug|Any CPU.Build.0 = Debug|Any CPU
		{5D8C8BB9-C9B8-4672-B070-C5ECB7115CCE}.Release|Any CPU.ActiveCfg = Release|Any CPU
		{5D8C8BB9-C9B8-4672-B070-C5ECB7115CCE}.Release|Any CPU.Build.0 = Release|Any CPU
		{2037180D-F3FD-4559-AD78-37E7F018BD33}.Debug|Any CPU.ActiveCfg = Debug|Any CPU
		{2037180D-F3FD-4559-AD78-37E7F018BD33}.Debug|Any CPU.Build.0 = Debug|Any CPU
		{2037180D-F3FD-4559-AD78-37E7F018BD33}.Release|Any CPU.ActiveCfg = Release|Any CPU
		{2037180D-F3FD-4559-AD78-37E7F018BD33}.Release|Any CPU.Build.0 = Release|Any CPU
		{5D43C94F-C0CE-416F-B842-3A0289F8A93B}.Debug|Any CPU.ActiveCfg = Debug|Any CPU
		{5D43C94F-C0CE-416F-B842-3A0289F8A93B}.Debug|Any CPU.Build.0 = Debug|Any CPU
		{5D43C94F-C0CE-416F-B842-3A0289F8A93B}.Release|Any CPU.ActiveCfg = Release|Any CPU
		{5D43C94F-C0CE-416F-B842-3A0289F8A93B}.Release|Any CPU.Build.0 = Release|Any CPU
		{AD484467-7659-4897-BF32-8EE523E589D3}.Debug|Any CPU.ActiveCfg = Debug|Any CPU
		{AD484467-7659-4897-BF32-8EE523E589D3}.Debug|Any CPU.Build.0 = Debug|Any CPU
		{AD484467-7659-4897-BF32-8EE523E589D3}.Release|Any CPU.ActiveCfg = Release|Any CPU
		{AD484467-7659-4897-BF32-8EE523E589D3}.Release|Any CPU.Build.0 = Release|Any CPU
	EndGlobalSection
	GlobalSection(SolutionProperties) = preSolution
		HideSolutionNode = FALSE
	EndGlobalSection
	GlobalSection(ExtensibilityGlobals) = postSolution
		SolutionGuid = {60CCCA98-5DDC-4902-BDDE-2139299D2C89}
	EndGlobalSection
EndGlobal
