
Microsoft Visual Studio Solution File, Format Version 12.00
# Visual Studio 15
VisualStudioVersion = 15.0.28307.902
MinimumVisualStudioVersion = 10.0.40219.1
Project("{FAE04EC0-301F-11D3-BF4B-00C04F79EFBC}") = "LJCDocGroupEditor", "LJCDocGroupEditor\LJCDocGroupEditor.csproj", "{674F39EB-0710-4F89-BD59-4F5751675202}"
EndProject
Global
	GlobalSection(SolutionConfigurationPlatforms) = preSolution
		Debug|Any CPU = Debug|Any CPU
		Release|Any CPU = Release|Any CPU
	EndGlobalSection
	GlobalSection(ProjectConfigurationPlatforms) = postSolution
		{674F39EB-0710-4F89-BD59-4F5751675202}.Debug|Any CPU.ActiveCfg = Debug|Any CPU
		{674F39EB-0710-4F89-BD59-4F5751675202}.Debug|Any CPU.Build.0 = Debug|Any CPU
		{674F39EB-0710-4F89-BD59-4F5751675202}.Release|Any CPU.ActiveCfg = Release|Any CPU
		{674F39EB-0710-4F89-BD59-4F5751675202}.Release|Any CPU.Build.0 = Release|Any CPU
	EndGlobalSection
	GlobalSection(SolutionProperties) = preSolution
		HideSolutionNode = FALSE
	EndGlobalSection
	GlobalSection(ExtensibilityGlobals) = postSolution
		SolutionGuid = {1D96831B-45B9-4EDF-B5BB-1F6C1F6ADB85}
	EndGlobalSection
EndGlobal
