
Microsoft Visual Studio Solution File, Format Version 12.00
# Visual Studio Version 17
VisualStudioVersion = 17.14.37628.2
MinimumVisualStudioVersion = 10.0.40219.1
Project("{FAE04EC0-301F-11D3-BF4B-00C04F79EFBC}") = "LJCGenTextXML5", "LJCGenTextXML5\LJCGenTextXML5.csproj", "{882493A1-9D56-416A-9204-3C28987C1948}"
EndProject
Project("{FAE04EC0-301F-11D3-BF4B-00C04F79EFBC}") = "TestGenText5", "TestGenText5\TestGenText5.csproj", "{953C6CD3-3FE7-4088-8482-296802AA38D1}"
EndProject
Project("{FAE04EC0-301F-11D3-BF4B-00C04F79EFBC}") = "LJCGenTextLib5", "LJCGenTextLib5\LJCGenTextLib5.csproj", "{B4B5151D-262E-45A2-91B7-985E69E8736A}"
EndProject
Project("{FAE04EC0-301F-11D3-BF4B-00C04F79EFBC}") = "LJCGenText5", "LJCGenText5\LJCGenText5.csproj", "{FEB22973-224C-4DF8-940E-8D0993BF2755}"
EndProject
Global
	GlobalSection(SolutionConfigurationPlatforms) = preSolution
		Debug|Any CPU = Debug|Any CPU
		Release|Any CPU = Release|Any CPU
	EndGlobalSection
	GlobalSection(ProjectConfigurationPlatforms) = postSolution
		{882493A1-9D56-416A-9204-3C28987C1948}.Debug|Any CPU.ActiveCfg = Debug|Any CPU
		{882493A1-9D56-416A-9204-3C28987C1948}.Debug|Any CPU.Build.0 = Debug|Any CPU
		{882493A1-9D56-416A-9204-3C28987C1948}.Release|Any CPU.ActiveCfg = Release|Any CPU
		{882493A1-9D56-416A-9204-3C28987C1948}.Release|Any CPU.Build.0 = Release|Any CPU
		{953C6CD3-3FE7-4088-8482-296802AA38D1}.Debug|Any CPU.ActiveCfg = Debug|Any CPU
		{953C6CD3-3FE7-4088-8482-296802AA38D1}.Debug|Any CPU.Build.0 = Debug|Any CPU
		{953C6CD3-3FE7-4088-8482-296802AA38D1}.Release|Any CPU.ActiveCfg = Release|Any CPU
		{953C6CD3-3FE7-4088-8482-296802AA38D1}.Release|Any CPU.Build.0 = Release|Any CPU
		{B4B5151D-262E-45A2-91B7-985E69E8736A}.Debug|Any CPU.ActiveCfg = Debug|Any CPU
		{B4B5151D-262E-45A2-91B7-985E69E8736A}.Debug|Any CPU.Build.0 = Debug|Any CPU
		{B4B5151D-262E-45A2-91B7-985E69E8736A}.Release|Any CPU.ActiveCfg = Release|Any CPU
		{B4B5151D-262E-45A2-91B7-985E69E8736A}.Release|Any CPU.Build.0 = Release|Any CPU
		{FEB22973-224C-4DF8-940E-8D0993BF2755}.Debug|Any CPU.ActiveCfg = Debug|Any CPU
		{FEB22973-224C-4DF8-940E-8D0993BF2755}.Debug|Any CPU.Build.0 = Debug|Any CPU
		{FEB22973-224C-4DF8-940E-8D0993BF2755}.Release|Any CPU.ActiveCfg = Release|Any CPU
		{FEB22973-224C-4DF8-940E-8D0993BF2755}.Release|Any CPU.Build.0 = Release|Any CPU
	EndGlobalSection
	GlobalSection(SolutionProperties) = preSolution
		HideSolutionNode = FALSE
	EndGlobalSection
	GlobalSection(ExtensibilityGlobals) = postSolution
		SolutionGuid = {A14901CD-5B1B-483F-A688-EC1B36DB3298}
	EndGlobalSection
EndGlobal
