
Microsoft Visual Studio Solution File, Format Version 12.00
# Visual Studio Version 17
VisualStudioVersion = 17.4.33205.214
MinimumVisualStudioVersion = 10.0.40219.1
Project("{FAE04EC0-301F-11D3-BF4B-00C04F79EFBC}") = "LJCDBClientSQLLib", "LJCDBClientSQLLib\LJCDBClientSQLLib.csproj", "{8218AB9B-CA8D-469F-A1BF-EB65DD18E3A0}"
EndProject
Global
	GlobalSection(SolutionConfigurationPlatforms) = preSolution
		Debug|Any CPU = Debug|Any CPU
		Release|Any CPU = Release|Any CPU
	EndGlobalSection
	GlobalSection(ProjectConfigurationPlatforms) = postSolution
		{8218AB9B-CA8D-469F-A1BF-EB65DD18E3A0}.Debug|Any CPU.ActiveCfg = Debug|Any CPU
		{8218AB9B-CA8D-469F-A1BF-EB65DD18E3A0}.Debug|Any CPU.Build.0 = Debug|Any CPU
		{8218AB9B-CA8D-469F-A1BF-EB65DD18E3A0}.Release|Any CPU.ActiveCfg = Release|Any CPU
		{8218AB9B-CA8D-469F-A1BF-EB65DD18E3A0}.Release|Any CPU.Build.0 = Release|Any CPU
	EndGlobalSection
	GlobalSection(SolutionProperties) = preSolution
		HideSolutionNode = FALSE
	EndGlobalSection
	GlobalSection(ExtensibilityGlobals) = postSolution
		SolutionGuid = {0394258A-6759-4603-9B0D-3B19094B9710}
	EndGlobalSection
EndGlobal
