
Microsoft Visual Studio Solution File, Format Version 12.00
# Visual Studio 15
VisualStudioVersion = 15.0.27004.2008
MinimumVisualStudioVersion = 10.0.40219.1
Project("{FAE04EC0-301F-11D3-BF4B-00C04F79EFBC}") = "LJCDBViewDAL", "LJCDBViewDAL\LJCDBViewDAL.csproj", "{2EE376B2-F867-4F57-A2D9-14A4B55E3E5F}"
EndProject
Project("{FAE04EC0-301F-11D3-BF4B-00C04F79EFBC}") = "ConsoleApp2", "ConsoleApp2\ConsoleApp2.csproj", "{F9447637-1D75-4C9B-BF64-23B969252DA5}"
EndProject
Global
	GlobalSection(SolutionConfigurationPlatforms) = preSolution
		Debug|Any CPU = Debug|Any CPU
		Release|Any CPU = Release|Any CPU
	EndGlobalSection
	GlobalSection(ProjectConfigurationPlatforms) = postSolution
		{2EE376B2-F867-4F57-A2D9-14A4B55E3E5F}.Debug|Any CPU.ActiveCfg = Debug|Any CPU
		{2EE376B2-F867-4F57-A2D9-14A4B55E3E5F}.Debug|Any CPU.Build.0 = Debug|Any CPU
		{2EE376B2-F867-4F57-A2D9-14A4B55E3E5F}.Release|Any CPU.ActiveCfg = Release|Any CPU
		{2EE376B2-F867-4F57-A2D9-14A4B55E3E5F}.Release|Any CPU.Build.0 = Release|Any CPU
		{F9447637-1D75-4C9B-BF64-23B969252DA5}.Debug|Any CPU.ActiveCfg = Debug|Any CPU
		{F9447637-1D75-4C9B-BF64-23B969252DA5}.Debug|Any CPU.Build.0 = Debug|Any CPU
		{F9447637-1D75-4C9B-BF64-23B969252DA5}.Release|Any CPU.ActiveCfg = Release|Any CPU
		{F9447637-1D75-4C9B-BF64-23B969252DA5}.Release|Any CPU.Build.0 = Release|Any CPU
	EndGlobalSection
	GlobalSection(SolutionProperties) = preSolution
		HideSolutionNode = FALSE
	EndGlobalSection
	GlobalSection(ExtensibilityGlobals) = postSolution
		SolutionGuid = {C0A20E2F-17F4-4FC1-8189-EDB29240BD83}
	EndGlobalSection
EndGlobal
