
Microsoft Visual Studio Solution File, Format Version 12.00
# Visual Studio Version 17
VisualStudioVersion = 17.14.37216.2
MinimumVisualStudioVersion = 10.0.40219.1
Project("{FAE04EC0-301F-11D3-BF4B-00C04F79EFBC}") = "LJCDataAccess5", "LJCDataAccess5\LJCDataAccess5.csproj", "{65C72E2F-DD73-401C-B1B2-BB3ED28B67CF}"
EndProject
Project("{FAE04EC0-301F-11D3-BF4B-00C04F79EFBC}") = "TestDataAccess5", "TestDataAccess5\TestDataAccess5.csproj", "{7B33169E-D0AA-46C0-929A-2CFBF585F513}"
EndProject
Global
	GlobalSection(SolutionConfigurationPlatforms) = preSolution
		Debug|Any CPU = Debug|Any CPU
		Release|Any CPU = Release|Any CPU
	EndGlobalSection
	GlobalSection(ProjectConfigurationPlatforms) = postSolution
		{65C72E2F-DD73-401C-B1B2-BB3ED28B67CF}.Debug|Any CPU.ActiveCfg = Debug|Any CPU
		{65C72E2F-DD73-401C-B1B2-BB3ED28B67CF}.Debug|Any CPU.Build.0 = Debug|Any CPU
		{65C72E2F-DD73-401C-B1B2-BB3ED28B67CF}.Release|Any CPU.ActiveCfg = Release|Any CPU
		{65C72E2F-DD73-401C-B1B2-BB3ED28B67CF}.Release|Any CPU.Build.0 = Release|Any CPU
		{7B33169E-D0AA-46C0-929A-2CFBF585F513}.Debug|Any CPU.ActiveCfg = Debug|Any CPU
		{7B33169E-D0AA-46C0-929A-2CFBF585F513}.Debug|Any CPU.Build.0 = Debug|Any CPU
		{7B33169E-D0AA-46C0-929A-2CFBF585F513}.Release|Any CPU.ActiveCfg = Release|Any CPU
		{7B33169E-D0AA-46C0-929A-2CFBF585F513}.Release|Any CPU.Build.0 = Release|Any CPU
	EndGlobalSection
	GlobalSection(SolutionProperties) = preSolution
		HideSolutionNode = FALSE
	EndGlobalSection
	GlobalSection(ExtensibilityGlobals) = postSolution
		SolutionGuid = {34CD9C3F-F025-4A1D-810B-5A0705BA8CA5}
	EndGlobalSection
EndGlobal
