
Microsoft Visual Studio Solution File, Format Version 12.00
# Visual Studio Version 17
VisualStudioVersion = 17.4.33205.214
MinimumVisualStudioVersion = 10.0.40219.1
Project("{FAE04EC0-301F-11D3-BF4B-00C04F79EFBC}") = "LJCGenTextLib", "LJCGenTextLib\LJCGenTextLib.csproj", "{01399D77-AE27-4800-A6FF-3E1283208C71}"
EndProject
Project("{FAE04EC0-301F-11D3-BF4B-00C04F79EFBC}") = "LJCGenTableCode", "LJCGenTableCode\LJCGenTableCode.csproj", "{6900EFBA-CC1E-4793-90BB-03FA1D159A7D}"
EndProject
Project("{FAE04EC0-301F-11D3-BF4B-00C04F79EFBC}") = "LJCGenText", "LJCGenText\LJCGenText.csproj", "{EEF9D56F-9083-4322-9ACC-8A31DA03B09C}"
EndProject
Project("{FAE04EC0-301F-11D3-BF4B-00C04F79EFBC}") = "LJCGenTextEdit", "LJCGenTextEdit\LJCGenTextEdit.csproj", "{DB2DCC95-BD3F-4B05-B86D-73C5FE93D766}"
EndProject
Project("{2150E333-8FDC-42A3-9474-1A3956D46DE8}") = "DataTemplates", "DataTemplates", "{FC78F1D9-E841-4050-BD4C-82BA4D91966E}"
	ProjectSection(SolutionItems) = preProject
		LJCGenTableCode\bin\Debug\Templates\CollectionTemplate.cs = LJCGenTableCode\bin\Debug\Templates\CollectionTemplate.cs
		LJCGenTableCode\bin\Debug\Templates\DataManagerTemplate.cs = LJCGenTableCode\bin\Debug\Templates\DataManagerTemplate.cs
		LJCGenTableCode\bin\Debug\Templates\DataTemplate.cs = LJCGenTableCode\bin\Debug\Templates\DataTemplate.cs
		LJCGenTableCode\bin\Debug\Templates\DetailTemplate.cs = LJCGenTableCode\bin\Debug\Templates\DetailTemplate.cs
		LJCGenTableCode\bin\Debug\Templates\GridCodeTemplate.cs = LJCGenTableCode\bin\Debug\Templates\GridCodeTemplate.cs
		LJCGenTableCode\bin\Debug\Templates\ListTemplate.cs = LJCGenTableCode\bin\Debug\Templates\ListTemplate.cs
		LJCGenTableCode\bin\Debug\Templates\ManagerTemplate.cs = LJCGenTableCode\bin\Debug\Templates\ManagerTemplate.cs
		LJCGenTableCode\bin\Debug\Templates\SQLManagerTemplate.cs = LJCGenTableCode\bin\Debug\Templates\SQLManagerTemplate.cs
	EndProjectSection
EndProject
Global
	GlobalSection(SolutionConfigurationPlatforms) = preSolution
		Debug|Any CPU = Debug|Any CPU
		Debug|Mixed Platforms = Debug|Mixed Platforms
		Debug|x86 = Debug|x86
		Release|Any CPU = Release|Any CPU
		Release|Mixed Platforms = Release|Mixed Platforms
		Release|x86 = Release|x86
	EndGlobalSection
	GlobalSection(ProjectConfigurationPlatforms) = postSolution
		{01399D77-AE27-4800-A6FF-3E1283208C71}.Debug|Any CPU.ActiveCfg = Debug|Any CPU
		{01399D77-AE27-4800-A6FF-3E1283208C71}.Debug|Any CPU.Build.0 = Debug|Any CPU
		{01399D77-AE27-4800-A6FF-3E1283208C71}.Debug|Mixed Platforms.ActiveCfg = Debug|Any CPU
		{01399D77-AE27-4800-A6FF-3E1283208C71}.Debug|Mixed Platforms.Build.0 = Debug|Any CPU
		{01399D77-AE27-4800-A6FF-3E1283208C71}.Debug|x86.ActiveCfg = Debug|Any CPU
		{01399D77-AE27-4800-A6FF-3E1283208C71}.Release|Any CPU.ActiveCfg = Release|Any CPU
		{01399D77-AE27-4800-A6FF-3E1283208C71}.Release|Any CPU.Build.0 = Release|Any CPU
		{01399D77-AE27-4800-A6FF-3E1283208C71}.Release|Mixed Platforms.ActiveCfg = Release|Any CPU
		{01399D77-AE27-4800-A6FF-3E1283208C71}.Release|Mixed Platforms.Build.0 = Release|Any CPU
		{01399D77-AE27-4800-A6FF-3E1283208C71}.Release|x86.ActiveCfg = Release|Any CPU
		{6900EFBA-CC1E-4793-90BB-03FA1D159A7D}.Debug|Any CPU.ActiveCfg = Debug|Any CPU
		{6900EFBA-CC1E-4793-90BB-03FA1D159A7D}.Debug|Any CPU.Build.0 = Debug|Any CPU
		{6900EFBA-CC1E-4793-90BB-03FA1D159A7D}.Debug|Mixed Platforms.ActiveCfg = Debug|Any CPU
		{6900EFBA-CC1E-4793-90BB-03FA1D159A7D}.Debug|Mixed Platforms.Build.0 = Debug|Any CPU
		{6900EFBA-CC1E-4793-90BB-03FA1D159A7D}.Debug|x86.ActiveCfg = Debug|Any CPU
		{6900EFBA-CC1E-4793-90BB-03FA1D159A7D}.Debug|x86.Build.0 = Debug|Any CPU
		{6900EFBA-CC1E-4793-90BB-03FA1D159A7D}.Release|Any CPU.ActiveCfg = Release|Any CPU
		{6900EFBA-CC1E-4793-90BB-03FA1D159A7D}.Release|Any CPU.Build.0 = Release|Any CPU
		{6900EFBA-CC1E-4793-90BB-03FA1D159A7D}.Release|Mixed Platforms.ActiveCfg = Release|Any CPU
		{6900EFBA-CC1E-4793-90BB-03FA1D159A7D}.Release|Mixed Platforms.Build.0 = Release|Any CPU
		{6900EFBA-CC1E-4793-90BB-03FA1D159A7D}.Release|x86.ActiveCfg = Release|Any CPU
		{6900EFBA-CC1E-4793-90BB-03FA1D159A7D}.Release|x86.Build.0 = Release|Any CPU
		{EEF9D56F-9083-4322-9ACC-8A31DA03B09C}.Debug|Any CPU.ActiveCfg = Debug|Any CPU
		{EEF9D56F-9083-4322-9ACC-8A31DA03B09C}.Debug|Any CPU.Build.0 = Debug|Any CPU
		{EEF9D56F-9083-4322-9ACC-8A31DA03B09C}.Debug|Mixed Platforms.ActiveCfg = Debug|Any CPU
		{EEF9D56F-9083-4322-9ACC-8A31DA03B09C}.Debug|Mixed Platforms.Build.0 = Debug|Any CPU
		{EEF9D56F-9083-4322-9ACC-8A31DA03B09C}.Debug|x86.ActiveCfg = Debug|Any CPU
		{EEF9D56F-9083-4322-9ACC-8A31DA03B09C}.Debug|x86.Build.0 = Debug|Any CPU
		{EEF9D56F-9083-4322-9ACC-8A31DA03B09C}.Release|Any CPU.ActiveCfg = Release|Any CPU
		{EEF9D56F-9083-4322-9ACC-8A31DA03B09C}.Release|Any CPU.Build.0 = Release|Any CPU
		{EEF9D56F-9083-4322-9ACC-8A31DA03B09C}.Release|Mixed Platforms.ActiveCfg = Release|Any CPU
		{EEF9D56F-9083-4322-9ACC-8A31DA03B09C}.Release|Mixed Platforms.Build.0 = Release|Any CPU
		{EEF9D56F-9083-4322-9ACC-8A31DA03B09C}.Release|x86.ActiveCfg = Release|Any CPU
		{EEF9D56F-9083-4322-9ACC-8A31DA03B09C}.Release|x86.Build.0 = Release|Any CPU
		{DB2DCC95-BD3F-4B05-B86D-73C5FE93D766}.Debug|Any CPU.ActiveCfg = Debug|Any CPU
		{DB2DCC95-BD3F-4B05-B86D-73C5FE93D766}.Debug|Any CPU.Build.0 = Debug|Any CPU
		{DB2DCC95-BD3F-4B05-B86D-73C5FE93D766}.Debug|Mixed Platforms.ActiveCfg = Debug|Any CPU
		{DB2DCC95-BD3F-4B05-B86D-73C5FE93D766}.Debug|Mixed Platforms.Build.0 = Debug|Any CPU
		{DB2DCC95-BD3F-4B05-B86D-73C5FE93D766}.Debug|x86.ActiveCfg = Debug|Any CPU
		{DB2DCC95-BD3F-4B05-B86D-73C5FE93D766}.Debug|x86.Build.0 = Debug|Any CPU
		{DB2DCC95-BD3F-4B05-B86D-73C5FE93D766}.Release|Any CPU.ActiveCfg = Release|Any CPU
		{DB2DCC95-BD3F-4B05-B86D-73C5FE93D766}.Release|Any CPU.Build.0 = Release|Any CPU
		{DB2DCC95-BD3F-4B05-B86D-73C5FE93D766}.Release|Mixed Platforms.ActiveCfg = Release|Any CPU
		{DB2DCC95-BD3F-4B05-B86D-73C5FE93D766}.Release|Mixed Platforms.Build.0 = Release|Any CPU
		{DB2DCC95-BD3F-4B05-B86D-73C5FE93D766}.Release|x86.ActiveCfg = Release|Any CPU
		{DB2DCC95-BD3F-4B05-B86D-73C5FE93D766}.Release|x86.Build.0 = Release|Any CPU
	EndGlobalSection
	GlobalSection(SolutionProperties) = preSolution
		HideSolutionNode = FALSE
	EndGlobalSection
	GlobalSection(ExtensibilityGlobals) = postSolution
		SolutionGuid = {48CD9603-0339-4A84-98A6-D0743044BFC5}
	EndGlobalSection
EndGlobal
