
Microsoft Visual Studio Solution File, Format Version 12.00
# Visual Studio 15
VisualStudioVersion = 15.0.27004.2008
MinimumVisualStudioVersion = 10.0.40219.1
Project("{FAE04EC0-301F-11D3-BF4B-00C04F79EFBC}") = "LJCTextDataReaderLib", "LJCTextDataReaderLib\LJCTextDataReaderLib.csproj", "{332D92CF-5C93-4626-A598-9A715FEAAC0E}"
EndProject
Project("{FAE04EC0-301F-11D3-BF4B-00C04F79EFBC}") = "LJCTestConsole", "LJCTestConsole\LJCTestConsole.csproj", "{B89CB54F-A2B6-41CE-9576-6749EFCA04B3}"
EndProject
Global
	GlobalSection(SolutionConfigurationPlatforms) = preSolution
		Debug|Any CPU = Debug|Any CPU
		Release|Any CPU = Release|Any CPU
	EndGlobalSection
	GlobalSection(ProjectConfigurationPlatforms) = postSolution
		{332D92CF-5C93-4626-A598-9A715FEAAC0E}.Debug|Any CPU.ActiveCfg = Debug|Any CPU
		{332D92CF-5C93-4626-A598-9A715FEAAC0E}.Debug|Any CPU.Build.0 = Debug|Any CPU
		{332D92CF-5C93-4626-A598-9A715FEAAC0E}.Release|Any CPU.ActiveCfg = Release|Any CPU
		{332D92CF-5C93-4626-A598-9A715FEAAC0E}.Release|Any CPU.Build.0 = Release|Any CPU
		{B89CB54F-A2B6-41CE-9576-6749EFCA04B3}.Debug|Any CPU.ActiveCfg = Debug|Any CPU
		{B89CB54F-A2B6-41CE-9576-6749EFCA04B3}.Debug|Any CPU.Build.0 = Debug|Any CPU
		{B89CB54F-A2B6-41CE-9576-6749EFCA04B3}.Release|Any CPU.ActiveCfg = Release|Any CPU
		{B89CB54F-A2B6-41CE-9576-6749EFCA04B3}.Release|Any CPU.Build.0 = Release|Any CPU
	EndGlobalSection
	GlobalSection(SolutionProperties) = preSolution
		HideSolutionNode = FALSE
	EndGlobalSection
	GlobalSection(ExtensibilityGlobals) = postSolution
		SolutionGuid = {F36A7BAC-2F2D-49EA-B30C-90B6B0292487}
	EndGlobalSection
EndGlobal
