
Microsoft Visual Studio Solution File, Format Version 12.00
# Visual Studio Version 17
VisualStudioVersion = 17.14.37216.2 d17.14
MinimumVisualStudioVersion = 10.0.40219.1
Project("{FAE04EC0-301F-11D3-BF4B-00C04F79EFBC}") = "LJCTextDataReader5", "LJCTextDataReader5\LJCTextDataReader5.csproj", "{51FCD665-CA0F-4357-A78C-83B6E2A08867}"
EndProject
Global
	GlobalSection(SolutionConfigurationPlatforms) = preSolution
		Debug|Any CPU = Debug|Any CPU
		Release|Any CPU = Release|Any CPU
	EndGlobalSection
	GlobalSection(ProjectConfigurationPlatforms) = postSolution
		{51FCD665-CA0F-4357-A78C-83B6E2A08867}.Debug|Any CPU.ActiveCfg = Debug|Any CPU
		{51FCD665-CA0F-4357-A78C-83B6E2A08867}.Debug|Any CPU.Build.0 = Debug|Any CPU
		{51FCD665-CA0F-4357-A78C-83B6E2A08867}.Release|Any CPU.ActiveCfg = Release|Any CPU
		{51FCD665-CA0F-4357-A78C-83B6E2A08867}.Release|Any CPU.Build.0 = Release|Any CPU
	EndGlobalSection
	GlobalSection(SolutionProperties) = preSolution
		HideSolutionNode = FALSE
	EndGlobalSection
	GlobalSection(ExtensibilityGlobals) = postSolution
		SolutionGuid = {A0F9B421-E66E-4D97-83B8-0E608FFCE0C1}
	EndGlobalSection
EndGlobal
