
Microsoft Visual Studio Solution File, Format Version 12.00
# Visual Studio 15
VisualStudioVersion = 15.0.28307.902
MinimumVisualStudioVersion = 10.0.40219.1
Project("{FAE04EC0-301F-11D3-BF4B-00C04F79EFBC}") = "CVRManager", "CVRManager\CVRManager.csproj", "{9016BB6D-F8FA-4DF8-AE7D-BE2F9553C669}"
EndProject
Project("{FAE04EC0-301F-11D3-BF4B-00C04F79EFBC}") = "CVRDAL", "CVRDAL\CVRDAL.csproj", "{1FEBC911-92DD-4D42-AFF5-FDBCB44BDA53}"
EndProject
Project("{FAE04EC0-301F-11D3-BF4B-00C04F79EFBC}") = "CVRItem", "CVRItem\CVRItem.csproj", "{329E0784-317B-436C-B476-D63D8EEBC744}"
EndProject
Global
	GlobalSection(SolutionConfigurationPlatforms) = preSolution
		Debug|Any CPU = Debug|Any CPU
		Release|Any CPU = Release|Any CPU
	EndGlobalSection
	GlobalSection(ProjectConfigurationPlatforms) = postSolution
		{9016BB6D-F8FA-4DF8-AE7D-BE2F9553C669}.Debug|Any CPU.ActiveCfg = Debug|Any CPU
		{9016BB6D-F8FA-4DF8-AE7D-BE2F9553C669}.Debug|Any CPU.Build.0 = Debug|Any CPU
		{9016BB6D-F8FA-4DF8-AE7D-BE2F9553C669}.Release|Any CPU.ActiveCfg = Release|Any CPU
		{9016BB6D-F8FA-4DF8-AE7D-BE2F9553C669}.Release|Any CPU.Build.0 = Release|Any CPU
		{1FEBC911-92DD-4D42-AFF5-FDBCB44BDA53}.Debug|Any CPU.ActiveCfg = Debug|Any CPU
		{1FEBC911-92DD-4D42-AFF5-FDBCB44BDA53}.Debug|Any CPU.Build.0 = Debug|Any CPU
		{1FEBC911-92DD-4D42-AFF5-FDBCB44BDA53}.Release|Any CPU.ActiveCfg = Release|Any CPU
		{1FEBC911-92DD-4D42-AFF5-FDBCB44BDA53}.Release|Any CPU.Build.0 = Release|Any CPU
		{329E0784-317B-436C-B476-D63D8EEBC744}.Debug|Any CPU.ActiveCfg = Debug|Any CPU
		{329E0784-317B-436C-B476-D63D8EEBC744}.Debug|Any CPU.Build.0 = Debug|Any CPU
		{329E0784-317B-436C-B476-D63D8EEBC744}.Release|Any CPU.ActiveCfg = Release|Any CPU
		{329E0784-317B-436C-B476-D63D8EEBC744}.Release|Any CPU.Build.0 = Release|Any CPU
	EndGlobalSection
	GlobalSection(SolutionProperties) = preSolution
		HideSolutionNode = FALSE
	EndGlobalSection
	GlobalSection(ExtensibilityGlobals) = postSolution
		SolutionGuid = {9AABA51C-CDBE-41B1-B034-856611C50E92}
	EndGlobalSection
EndGlobal
