
Microsoft Visual Studio Solution File, Format Version 12.00
# Visual Studio Version 17
VisualStudioVersion = 17.14.37216.2 d17.14
MinimumVisualStudioVersion = 10.0.40219.1
Project("{FAE04EC0-301F-11D3-BF4B-00C04F79EFBC}") = "LJCGridDataLib5", "LJCGridDataLib5\LJCGridDataLib5.csproj", "{9AE649AF-D348-402F-B521-87C9129C66BB}"
EndProject
Global
	GlobalSection(SolutionConfigurationPlatforms) = preSolution
		Debug|Any CPU = Debug|Any CPU
		Release|Any CPU = Release|Any CPU
	EndGlobalSection
	GlobalSection(ProjectConfigurationPlatforms) = postSolution
		{9AE649AF-D348-402F-B521-87C9129C66BB}.Debug|Any CPU.ActiveCfg = Debug|Any CPU
		{9AE649AF-D348-402F-B521-87C9129C66BB}.Debug|Any CPU.Build.0 = Debug|Any CPU
		{9AE649AF-D348-402F-B521-87C9129C66BB}.Release|Any CPU.ActiveCfg = Release|Any CPU
		{9AE649AF-D348-402F-B521-87C9129C66BB}.Release|Any CPU.Build.0 = Release|Any CPU
	EndGlobalSection
	GlobalSection(SolutionProperties) = preSolution
		HideSolutionNode = FALSE
	EndGlobalSection
	GlobalSection(ExtensibilityGlobals) = postSolution
		SolutionGuid = {A184F31E-6E58-47BA-ACBB-31CA60B913D0}
	EndGlobalSection
EndGlobal
