
Microsoft Visual Studio Solution File, Format Version 12.00
# Visual Studio 15
VisualStudioVersion = 15.0.27004.2008
MinimumVisualStudioVersion = 10.0.40219.1
Project("{FAE04EC0-301F-11D3-BF4B-00C04F79EFBC}") = "LJCDBServiceConsoleHost", "LJCDBServiceConsoleHost\LJCDBServiceConsoleHost.csproj", "{47D004EE-2EED-4609-8F35-D1068CD49A57}"
EndProject
Project("{FAE04EC0-301F-11D3-BF4B-00C04F79EFBC}") = "LJCDBServiceHost", "LJCDBServiceHost\LJCDBServiceHost.csproj", "{F36A4CE9-E842-4513-9AF3-8D48D2AA85FE}"
EndProject
Global
	GlobalSection(SolutionConfigurationPlatforms) = preSolution
		Debug|Any CPU = Debug|Any CPU
		Release|Any CPU = Release|Any CPU
	EndGlobalSection
	GlobalSection(ProjectConfigurationPlatforms) = postSolution
		{47D004EE-2EED-4609-8F35-D1068CD49A57}.Debug|Any CPU.ActiveCfg = Debug|Any CPU
		{47D004EE-2EED-4609-8F35-D1068CD49A57}.Debug|Any CPU.Build.0 = Debug|Any CPU
		{47D004EE-2EED-4609-8F35-D1068CD49A57}.Release|Any CPU.ActiveCfg = Release|Any CPU
		{47D004EE-2EED-4609-8F35-D1068CD49A57}.Release|Any CPU.Build.0 = Release|Any CPU
		{F36A4CE9-E842-4513-9AF3-8D48D2AA85FE}.Debug|Any CPU.ActiveCfg = Debug|Any CPU
		{F36A4CE9-E842-4513-9AF3-8D48D2AA85FE}.Debug|Any CPU.Build.0 = Debug|Any CPU
		{F36A4CE9-E842-4513-9AF3-8D48D2AA85FE}.Release|Any CPU.ActiveCfg = Release|Any CPU
		{F36A4CE9-E842-4513-9AF3-8D48D2AA85FE}.Release|Any CPU.Build.0 = Release|Any CPU
	EndGlobalSection
	GlobalSection(SolutionProperties) = preSolution
		HideSolutionNode = FALSE
	EndGlobalSection
	GlobalSection(ExtensibilityGlobals) = postSolution
		SolutionGuid = {F1C1B4F9-58C4-47BC-8B47-52199757BE94}
	EndGlobalSection
EndGlobal
