
Microsoft Visual Studio Solution File, Format Version 12.00
# Visual Studio Version 17
VisualStudioVersion = 17.4.33205.214
MinimumVisualStudioVersion = 10.0.40219.1
Project("{FAE04EC0-301F-11D3-BF4B-00C04F79EFBC}") = "LJCViewEditor", "LJCViewEditor\LJCViewEditor.csproj", "{4812A9C8-BBC0-4750-85B8-F2B17818848B}"
EndProject
Project("{FAE04EC0-301F-11D3-BF4B-00C04F79EFBC}") = "LJCViewEditorDAL", "LJCViewEditorDAL\LJCViewEditorDAL.csproj", "{86E80F3A-5E72-4507-AD2D-B4128C769BFA}"
EndProject
Project("{2150E333-8FDC-42A3-9474-1A3956D46DE8}") = "DataTemplates", "DataTemplates", "{E796B0E4-456A-402B-88C1-8ACE14256E55}"
	ProjectSection(SolutionItems) = preProject
		..\LJCGenText\LJCGenTableCode\bin\Debug\Templates\CollectionTemplate.cs = ..\LJCGenText\LJCGenTableCode\bin\Debug\Templates\CollectionTemplate.cs
		..\LJCGenText\LJCGenTableCode\bin\Debug\Templates\DataManagerTemplate.cs = ..\LJCGenText\LJCGenTableCode\bin\Debug\Templates\DataManagerTemplate.cs
		..\LJCGenText\LJCGenTableCode\bin\Debug\Templates\DataTemplate.cs = ..\LJCGenText\LJCGenTableCode\bin\Debug\Templates\DataTemplate.cs
		..\LJCGenText\LJCGenTableCode\bin\Debug\Templates\DetailTemplate.cs = ..\LJCGenText\LJCGenTableCode\bin\Debug\Templates\DetailTemplate.cs
		..\LJCGenText\LJCGenTableCode\bin\Debug\Templates\ListTemplate.cs = ..\LJCGenText\LJCGenTableCode\bin\Debug\Templates\ListTemplate.cs
	EndProjectSection
EndProject
Global
	GlobalSection(SolutionConfigurationPlatforms) = preSolution
		Debug|Any CPU = Debug|Any CPU
		Release|Any CPU = Release|Any CPU
	EndGlobalSection
	GlobalSection(ProjectConfigurationPlatforms) = postSolution
		{4812A9C8-BBC0-4750-85B8-F2B17818848B}.Debug|Any CPU.ActiveCfg = Debug|Any CPU
		{4812A9C8-BBC0-4750-85B8-F2B17818848B}.Debug|Any CPU.Build.0 = Debug|Any CPU
		{4812A9C8-BBC0-4750-85B8-F2B17818848B}.Release|Any CPU.ActiveCfg = Release|Any CPU
		{4812A9C8-BBC0-4750-85B8-F2B17818848B}.Release|Any CPU.Build.0 = Release|Any CPU
		{86E80F3A-5E72-4507-AD2D-B4128C769BFA}.Debug|Any CPU.ActiveCfg = Debug|Any CPU
		{86E80F3A-5E72-4507-AD2D-B4128C769BFA}.Debug|Any CPU.Build.0 = Debug|Any CPU
		{86E80F3A-5E72-4507-AD2D-B4128C769BFA}.Release|Any CPU.ActiveCfg = Release|Any CPU
		{86E80F3A-5E72-4507-AD2D-B4128C769BFA}.Release|Any CPU.Build.0 = Release|Any CPU
	EndGlobalSection
	GlobalSection(SolutionProperties) = preSolution
		HideSolutionNode = FALSE
	EndGlobalSection
	GlobalSection(ExtensibilityGlobals) = postSolution
		SolutionGuid = {713B888D-E7AB-4A12-92A5-97BC5A1C7B0B}
	EndGlobalSection
EndGlobal
