
Microsoft Visual Studio Solution File, Format Version 12.00
# Visual Studio 15
VisualStudioVersion = 15.0.27004.2008
MinimumVisualStudioVersion = 10.0.40219.1
Project("{FAE04EC0-301F-11D3-BF4B-00C04F79EFBC}") = "LJCFacilityManager", "LJCFacilityManager\LJCFacilityManager.csproj", "{B9D18625-5681-46C2-9427-B22ACF1B6EB0}"
EndProject
Project("{FAE04EC0-301F-11D3-BF4B-00C04F79EFBC}") = "LJCFacilityManagerDAL", "LJCFacilityManagerDAL\LJCFacilityManagerDAL.csproj", "{81593C6C-2A91-4CDB-9014-FDB75A4023CF}"
EndProject
Project("{FAE04EC0-301F-11D3-BF4B-00C04F79EFBC}") = "FacilityForm", "FacilityForm\FacilityForm.csproj", "{515C9130-BCE0-4A2E-8FFD-34A41A816104}"
EndProject
Project("{FAE04EC0-301F-11D3-BF4B-00C04F79EFBC}") = "ModuleHost", "ModuleHost\ModuleHost.csproj", "{59D17371-A954-45E2-99D1-F48C6E15C741}"
EndProject
Global
	GlobalSection(SolutionConfigurationPlatforms) = preSolution
		Debug|Any CPU = Debug|Any CPU
		Release|Any CPU = Release|Any CPU
	EndGlobalSection
	GlobalSection(ProjectConfigurationPlatforms) = postSolution
		{B9D18625-5681-46C2-9427-B22ACF1B6EB0}.Debug|Any CPU.ActiveCfg = Debug|Any CPU
		{B9D18625-5681-46C2-9427-B22ACF1B6EB0}.Debug|Any CPU.Build.0 = Debug|Any CPU
		{B9D18625-5681-46C2-9427-B22ACF1B6EB0}.Release|Any CPU.ActiveCfg = Release|Any CPU
		{B9D18625-5681-46C2-9427-B22ACF1B6EB0}.Release|Any CPU.Build.0 = Release|Any CPU
		{81593C6C-2A91-4CDB-9014-FDB75A4023CF}.Debug|Any CPU.ActiveCfg = Debug|Any CPU
		{81593C6C-2A91-4CDB-9014-FDB75A4023CF}.Debug|Any CPU.Build.0 = Debug|Any CPU
		{81593C6C-2A91-4CDB-9014-FDB75A4023CF}.Release|Any CPU.ActiveCfg = Release|Any CPU
		{81593C6C-2A91-4CDB-9014-FDB75A4023CF}.Release|Any CPU.Build.0 = Release|Any CPU
		{515C9130-BCE0-4A2E-8FFD-34A41A816104}.Debug|Any CPU.ActiveCfg = Debug|Any CPU
		{515C9130-BCE0-4A2E-8FFD-34A41A816104}.Debug|Any CPU.Build.0 = Debug|Any CPU
		{515C9130-BCE0-4A2E-8FFD-34A41A816104}.Release|Any CPU.ActiveCfg = Release|Any CPU
		{515C9130-BCE0-4A2E-8FFD-34A41A816104}.Release|Any CPU.Build.0 = Release|Any CPU
		{59D17371-A954-45E2-99D1-F48C6E15C741}.Debug|Any CPU.ActiveCfg = Debug|Any CPU
		{59D17371-A954-45E2-99D1-F48C6E15C741}.Debug|Any CPU.Build.0 = Debug|Any CPU
		{59D17371-A954-45E2-99D1-F48C6E15C741}.Release|Any CPU.ActiveCfg = Release|Any CPU
		{59D17371-A954-45E2-99D1-F48C6E15C741}.Release|Any CPU.Build.0 = Release|Any CPU
	EndGlobalSection
	GlobalSection(SolutionProperties) = preSolution
		HideSolutionNode = FALSE
	EndGlobalSection
	GlobalSection(ExtensibilityGlobals) = postSolution
		SolutionGuid = {E67CD7A1-63A9-4F32-AB84-91AA2B9D0AFD}
	EndGlobalSection
EndGlobal
