
Microsoft Visual Studio Solution File, Format Version 12.00
# Visual Studio Version 17
VisualStudioVersion = 17.5.33502.453
MinimumVisualStudioVersion = 10.0.40219.1
Project("{FAE04EC0-301F-11D3-BF4B-00C04F79EFBC}") = "LJCGenDocEdit", "LJCGenDocEdit\LJCGenDocEdit.csproj", "{554EFDC9-7B4A-4024-813C-EEEA5B428BA8}"
EndProject
Project("{2150E333-8FDC-42A3-9474-1A3956D46DE8}") = "Templates", "Templates", "{3DAE9B11-3CA8-4061-AC72-AC2E9FC66BF2}"
	ProjectSection(SolutionItems) = preProject
		..\LJCGenText\LJCGenTableCode\bin\Debug\Templates\CollectionTemplate.cs = ..\LJCGenText\LJCGenTableCode\bin\Debug\Templates\CollectionTemplate.cs
		..\LJCGenText\LJCGenTableCode\bin\Debug\Templates\ConfigSampleTemplate.cs = ..\LJCGenText\LJCGenTableCode\bin\Debug\Templates\ConfigSampleTemplate.cs
		..\LJCGenText\LJCGenTableCode\bin\Debug\Templates\DataManagerTemplate.cs = ..\LJCGenText\LJCGenTableCode\bin\Debug\Templates\DataManagerTemplate.cs
		..\LJCGenText\LJCGenTableCode\bin\Debug\Templates\DataTemplate.cs = ..\LJCGenText\LJCGenTableCode\bin\Debug\Templates\DataTemplate.cs
		..\LJCGenText\LJCGenTableCode\bin\Debug\Templates\DetailTemplate.cs = ..\LJCGenText\LJCGenTableCode\bin\Debug\Templates\DetailTemplate.cs
		..\LJCGenText\LJCGenTableCode\bin\Debug\Templates\GridCodeTemplate.cs = ..\LJCGenText\LJCGenTableCode\bin\Debug\Templates\GridCodeTemplate.cs
		..\LJCGenText\LJCGenTableCode\bin\Debug\Templates\ListCodeTemplate.cs = ..\LJCGenText\LJCGenTableCode\bin\Debug\Templates\ListCodeTemplate.cs
		..\LJCGenText\LJCGenTableCode\bin\Debug\Templates\ListTemplate.cs = ..\LJCGenText\LJCGenTableCode\bin\Debug\Templates\ListTemplate.cs
	EndProjectSection
EndProject
Global
	GlobalSection(SolutionConfigurationPlatforms) = preSolution
		Debug|Any CPU = Debug|Any CPU
		Release|Any CPU = Release|Any CPU
	EndGlobalSection
	GlobalSection(ProjectConfigurationPlatforms) = postSolution
		{554EFDC9-7B4A-4024-813C-EEEA5B428BA8}.Debug|Any CPU.ActiveCfg = Debug|Any CPU
		{554EFDC9-7B4A-4024-813C-EEEA5B428BA8}.Debug|Any CPU.Build.0 = Debug|Any CPU
		{554EFDC9-7B4A-4024-813C-EEEA5B428BA8}.Release|Any CPU.ActiveCfg = Release|Any CPU
		{554EFDC9-7B4A-4024-813C-EEEA5B428BA8}.Release|Any CPU.Build.0 = Release|Any CPU
	EndGlobalSection
	GlobalSection(SolutionProperties) = preSolution
		HideSolutionNode = FALSE
	EndGlobalSection
	GlobalSection(ExtensibilityGlobals) = postSolution
		SolutionGuid = {3187F112-B870-45A6-A30F-29B53E4AD1AD}
	EndGlobalSection
EndGlobal
