
Microsoft Visual Studio Solution File, Format Version 12.00
# Visual Studio Version 17
VisualStudioVersion = 17.14.37203.1
MinimumVisualStudioVersion = 10.0.40219.1
Project("{FAE04EC0-301F-11D3-BF4B-00C04F79EFBC}") = "LJCDBMessage5", "LJCDBMessage5\LJCDBMessage5.csproj", "{0FEE05CA-138B-411A-BB9F-BB0E82EBC88B}"
EndProject
Project("{FAE04EC0-301F-11D3-BF4B-00C04F79EFBC}") = "LJCCipherLib5", "LJCCipherLib5\LJCCipherLib5.csproj", "{C01E3DBF-CA8F-4252-80E8-E6790CE1E65C}"
EndProject
Project("{FAE04EC0-301F-11D3-BF4B-00C04F79EFBC}") = "TestDataHTMLTable5", "TestDataHTMLTable5\TestDataHTMLTable5.csproj", "{569C008F-1A99-4B54-AE84-B2165EEB772C}"
EndProject
Project("{FAE04EC0-301F-11D3-BF4B-00C04F79EFBC}") = "TestDBCommon5", "TestDBCommon5\TestDBCommon5.csproj", "{E1424128-0B95-4CCA-9CD4-E38214C6B946}"
EndProject
Project("{FAE04EC0-301F-11D3-BF4B-00C04F79EFBC}") = "TestDBCondition5", "TestDBCondition5\TestDBCondition5.csproj", "{01187365-EA7E-46BF-89D4-1967EC27285C}"
EndProject
Project("{FAE04EC0-301F-11D3-BF4B-00C04F79EFBC}") = "TestDBConditions5", "TestDBConditions5\TestDBConditions5.csproj", "{097746CB-D25B-46B4-9A2F-3BDB99DA1E61}"
EndProject
Project("{FAE04EC0-301F-11D3-BF4B-00C04F79EFBC}") = "TestDBFilter5", "TestDBFilter5\TestDBFilter5.csproj", "{D553EB06-1D88-49EA-A002-89925D9B4951}"
EndProject
Project("{FAE04EC0-301F-11D3-BF4B-00C04F79EFBC}") = "TestDBFilters5", "TestDBFilters5\TestDBFilters5.csproj", "{49AA45C8-C9BF-408F-B7F0-018577CE9E33}"
EndProject
Project("{FAE04EC0-301F-11D3-BF4B-00C04F79EFBC}") = "TestDBJoin5", "TestDBJoin5\TestDBJoin5.csproj", "{7EEB9D09-5EFE-40C2-BC16-4D6D03BE2589}"
EndProject
Project("{FAE04EC0-301F-11D3-BF4B-00C04F79EFBC}") = "TestDBJoinOn5", "TestDBJoinOn5\TestDBJoinOn5.csproj", "{48FFE706-6FE6-4426-9B6C-13121D3582C0}"
EndProject
Project("{FAE04EC0-301F-11D3-BF4B-00C04F79EFBC}") = "TestDBJoinOns5", "TestDBJoinOns5\TestDBJoinOns5.csproj", "{957101A1-50DA-4541-B5EA-7AF8281326A6}"
EndProject
Project("{FAE04EC0-301F-11D3-BF4B-00C04F79EFBC}") = "TestDBJoins5", "TestDBJoins5\TestDBJoins5.csproj", "{4744D04E-BD72-47C1-96DF-F776C0820E49}"
EndProject
Project("{FAE04EC0-301F-11D3-BF4B-00C04F79EFBC}") = "TestDBRequest5", "TestDBRequest5\TestDBRequest5.csproj", "{452A4EDB-8FED-4C5E-9F79-4C2FE4FFDFE9}"
EndProject
Project("{FAE04EC0-301F-11D3-BF4B-00C04F79EFBC}") = "TestDBRow5", "TestDBRow5\TestDBRow5.csproj", "{18C43AE8-2E5A-45DF-8B52-E4E5030D042A}"
EndProject
Project("{FAE04EC0-301F-11D3-BF4B-00C04F79EFBC}") = "TestDBRows5", "TestDBRows5\TestDBRows5.csproj", "{C65D5B83-2FBF-40A5-AA2F-B15092924AFF}"
EndProject
Project("{FAE04EC0-301F-11D3-BF4B-00C04F79EFBC}") = "TestDBSqlBuilder5", "TestDBSqlBuilder5\TestDBSqlBuilder5.csproj", "{1AC5AD18-61FA-4EA7-B49B-248F9DD56E05}"
EndProject
Project("{FAE04EC0-301F-11D3-BF4B-00C04F79EFBC}") = "TestResultConverter5", "TestResultConverter5\TestResultConverter5.csproj", "{7FA6B500-0BC9-4823-AAC9-5E25F5905CFB}"
EndProject
Project("{FAE04EC0-301F-11D3-BF4B-00C04F79EFBC}") = "TestDBConditionSet5", "TestDBConditionSet5\TestDBConditionSet5.csproj", "{05EB2FCD-A9C6-42AC-A35C-E983CF132B8F}"
EndProject
Project("{FAE04EC0-301F-11D3-BF4B-00C04F79EFBC}") = "TestDBResult5", "TestDBResult5\TestDBResult5.csproj", "{AA9951A5-0C9E-41CE-88FD-B96A68C02FE3}"
EndProject
Global
	GlobalSection(SolutionConfigurationPlatforms) = preSolution
		Debug|Any CPU = Debug|Any CPU
		Release|Any CPU = Release|Any CPU
	EndGlobalSection
	GlobalSection(ProjectConfigurationPlatforms) = postSolution
		{0FEE05CA-138B-411A-BB9F-BB0E82EBC88B}.Debug|Any CPU.ActiveCfg = Debug|Any CPU
		{0FEE05CA-138B-411A-BB9F-BB0E82EBC88B}.Debug|Any CPU.Build.0 = Debug|Any CPU
		{0FEE05CA-138B-411A-BB9F-BB0E82EBC88B}.Release|Any CPU.ActiveCfg = Release|Any CPU
		{0FEE05CA-138B-411A-BB9F-BB0E82EBC88B}.Release|Any CPU.Build.0 = Release|Any CPU
		{C01E3DBF-CA8F-4252-80E8-E6790CE1E65C}.Debug|Any CPU.ActiveCfg = Debug|Any CPU
		{C01E3DBF-CA8F-4252-80E8-E6790CE1E65C}.Debug|Any CPU.Build.0 = Debug|Any CPU
		{C01E3DBF-CA8F-4252-80E8-E6790CE1E65C}.Release|Any CPU.ActiveCfg = Release|Any CPU
		{C01E3DBF-CA8F-4252-80E8-E6790CE1E65C}.Release|Any CPU.Build.0 = Release|Any CPU
		{569C008F-1A99-4B54-AE84-B2165EEB772C}.Debug|Any CPU.ActiveCfg = Debug|Any CPU
		{569C008F-1A99-4B54-AE84-B2165EEB772C}.Debug|Any CPU.Build.0 = Debug|Any CPU
		{569C008F-1A99-4B54-AE84-B2165EEB772C}.Release|Any CPU.ActiveCfg = Release|Any CPU
		{569C008F-1A99-4B54-AE84-B2165EEB772C}.Release|Any CPU.Build.0 = Release|Any CPU
		{E1424128-0B95-4CCA-9CD4-E38214C6B946}.Debug|Any CPU.ActiveCfg = Debug|Any CPU
		{E1424128-0B95-4CCA-9CD4-E38214C6B946}.Debug|Any CPU.Build.0 = Debug|Any CPU
		{E1424128-0B95-4CCA-9CD4-E38214C6B946}.Release|Any CPU.ActiveCfg = Release|Any CPU
		{E1424128-0B95-4CCA-9CD4-E38214C6B946}.Release|Any CPU.Build.0 = Release|Any CPU
		{01187365-EA7E-46BF-89D4-1967EC27285C}.Debug|Any CPU.ActiveCfg = Debug|Any CPU
		{01187365-EA7E-46BF-89D4-1967EC27285C}.Debug|Any CPU.Build.0 = Debug|Any CPU
		{01187365-EA7E-46BF-89D4-1967EC27285C}.Release|Any CPU.ActiveCfg = Release|Any CPU
		{01187365-EA7E-46BF-89D4-1967EC27285C}.Release|Any CPU.Build.0 = Release|Any CPU
		{097746CB-D25B-46B4-9A2F-3BDB99DA1E61}.Debug|Any CPU.ActiveCfg = Debug|Any CPU
		{097746CB-D25B-46B4-9A2F-3BDB99DA1E61}.Debug|Any CPU.Build.0 = Debug|Any CPU
		{097746CB-D25B-46B4-9A2F-3BDB99DA1E61}.Release|Any CPU.ActiveCfg = Release|Any CPU
		{097746CB-D25B-46B4-9A2F-3BDB99DA1E61}.Release|Any CPU.Build.0 = Release|Any CPU
		{D553EB06-1D88-49EA-A002-89925D9B4951}.Debug|Any CPU.ActiveCfg = Debug|Any CPU
		{D553EB06-1D88-49EA-A002-89925D9B4951}.Debug|Any CPU.Build.0 = Debug|Any CPU
		{D553EB06-1D88-49EA-A002-89925D9B4951}.Release|Any CPU.ActiveCfg = Release|Any CPU
		{D553EB06-1D88-49EA-A002-89925D9B4951}.Release|Any CPU.Build.0 = Release|Any CPU
		{49AA45C8-C9BF-408F-B7F0-018577CE9E33}.Debug|Any CPU.ActiveCfg = Debug|Any CPU
		{49AA45C8-C9BF-408F-B7F0-018577CE9E33}.Debug|Any CPU.Build.0 = Debug|Any CPU
		{49AA45C8-C9BF-408F-B7F0-018577CE9E33}.Release|Any CPU.ActiveCfg = Release|Any CPU
		{49AA45C8-C9BF-408F-B7F0-018577CE9E33}.Release|Any CPU.Build.0 = Release|Any CPU
		{7EEB9D09-5EFE-40C2-BC16-4D6D03BE2589}.Debug|Any CPU.ActiveCfg = Debug|Any CPU
		{7EEB9D09-5EFE-40C2-BC16-4D6D03BE2589}.Debug|Any CPU.Build.0 = Debug|Any CPU
		{7EEB9D09-5EFE-40C2-BC16-4D6D03BE2589}.Release|Any CPU.ActiveCfg = Release|Any CPU
		{7EEB9D09-5EFE-40C2-BC16-4D6D03BE2589}.Release|Any CPU.Build.0 = Release|Any CPU
		{48FFE706-6FE6-4426-9B6C-13121D3582C0}.Debug|Any CPU.ActiveCfg = Debug|Any CPU
		{48FFE706-6FE6-4426-9B6C-13121D3582C0}.Debug|Any CPU.Build.0 = Debug|Any CPU
		{48FFE706-6FE6-4426-9B6C-13121D3582C0}.Release|Any CPU.ActiveCfg = Release|Any CPU
		{48FFE706-6FE6-4426-9B6C-13121D3582C0}.Release|Any CPU.Build.0 = Release|Any CPU
		{957101A1-50DA-4541-B5EA-7AF8281326A6}.Debug|Any CPU.ActiveCfg = Debug|Any CPU
		{957101A1-50DA-4541-B5EA-7AF8281326A6}.Debug|Any CPU.Build.0 = Debug|Any CPU
		{957101A1-50DA-4541-B5EA-7AF8281326A6}.Release|Any CPU.ActiveCfg = Release|Any CPU
		{957101A1-50DA-4541-B5EA-7AF8281326A6}.Release|Any CPU.Build.0 = Release|Any CPU
		{4744D04E-BD72-47C1-96DF-F776C0820E49}.Debug|Any CPU.ActiveCfg = Debug|Any CPU
		{4744D04E-BD72-47C1-96DF-F776C0820E49}.Debug|Any CPU.Build.0 = Debug|Any CPU
		{4744D04E-BD72-47C1-96DF-F776C0820E49}.Release|Any CPU.ActiveCfg = Release|Any CPU
		{4744D04E-BD72-47C1-96DF-F776C0820E49}.Release|Any CPU.Build.0 = Release|Any CPU
		{452A4EDB-8FED-4C5E-9F79-4C2FE4FFDFE9}.Debug|Any CPU.ActiveCfg = Debug|Any CPU
		{452A4EDB-8FED-4C5E-9F79-4C2FE4FFDFE9}.Debug|Any CPU.Build.0 = Debug|Any CPU
		{452A4EDB-8FED-4C5E-9F79-4C2FE4FFDFE9}.Release|Any CPU.ActiveCfg = Release|Any CPU
		{452A4EDB-8FED-4C5E-9F79-4C2FE4FFDFE9}.Release|Any CPU.Build.0 = Release|Any CPU
		{18C43AE8-2E5A-45DF-8B52-E4E5030D042A}.Debug|Any CPU.ActiveCfg = Debug|Any CPU
		{18C43AE8-2E5A-45DF-8B52-E4E5030D042A}.Debug|Any CPU.Build.0 = Debug|Any CPU
		{18C43AE8-2E5A-45DF-8B52-E4E5030D042A}.Release|Any CPU.ActiveCfg = Release|Any CPU
		{18C43AE8-2E5A-45DF-8B52-E4E5030D042A}.Release|Any CPU.Build.0 = Release|Any CPU
		{C65D5B83-2FBF-40A5-AA2F-B15092924AFF}.Debug|Any CPU.ActiveCfg = Debug|Any CPU
		{C65D5B83-2FBF-40A5-AA2F-B15092924AFF}.Debug|Any CPU.Build.0 = Debug|Any CPU
		{C65D5B83-2FBF-40A5-AA2F-B15092924AFF}.Release|Any CPU.ActiveCfg = Release|Any CPU
		{C65D5B83-2FBF-40A5-AA2F-B15092924AFF}.Release|Any CPU.Build.0 = Release|Any CPU
		{1AC5AD18-61FA-4EA7-B49B-248F9DD56E05}.Debug|Any CPU.ActiveCfg = Debug|Any CPU
		{1AC5AD18-61FA-4EA7-B49B-248F9DD56E05}.Debug|Any CPU.Build.0 = Debug|Any CPU
		{1AC5AD18-61FA-4EA7-B49B-248F9DD56E05}.Release|Any CPU.ActiveCfg = Release|Any CPU
		{1AC5AD18-61FA-4EA7-B49B-248F9DD56E05}.Release|Any CPU.Build.0 = Release|Any CPU
		{7FA6B500-0BC9-4823-AAC9-5E25F5905CFB}.Debug|Any CPU.ActiveCfg = Debug|Any CPU
		{7FA6B500-0BC9-4823-AAC9-5E25F5905CFB}.Debug|Any CPU.Build.0 = Debug|Any CPU
		{7FA6B500-0BC9-4823-AAC9-5E25F5905CFB}.Release|Any CPU.ActiveCfg = Release|Any CPU
		{7FA6B500-0BC9-4823-AAC9-5E25F5905CFB}.Release|Any CPU.Build.0 = Release|Any CPU
		{05EB2FCD-A9C6-42AC-A35C-E983CF132B8F}.Debug|Any CPU.ActiveCfg = Debug|Any CPU
		{05EB2FCD-A9C6-42AC-A35C-E983CF132B8F}.Debug|Any CPU.Build.0 = Debug|Any CPU
		{05EB2FCD-A9C6-42AC-A35C-E983CF132B8F}.Release|Any CPU.ActiveCfg = Release|Any CPU
		{05EB2FCD-A9C6-42AC-A35C-E983CF132B8F}.Release|Any CPU.Build.0 = Release|Any CPU
		{AA9951A5-0C9E-41CE-88FD-B96A68C02FE3}.Debug|Any CPU.ActiveCfg = Debug|Any CPU
		{AA9951A5-0C9E-41CE-88FD-B96A68C02FE3}.Debug|Any CPU.Build.0 = Debug|Any CPU
		{AA9951A5-0C9E-41CE-88FD-B96A68C02FE3}.Release|Any CPU.ActiveCfg = Release|Any CPU
		{AA9951A5-0C9E-41CE-88FD-B96A68C02FE3}.Release|Any CPU.Build.0 = Release|Any CPU
	EndGlobalSection
	GlobalSection(SolutionProperties) = preSolution
		HideSolutionNode = FALSE
	EndGlobalSection
	GlobalSection(ExtensibilityGlobals) = postSolution
		SolutionGuid = {4C05F6DA-2BAA-41B7-B46D-56A56203BB0C}
	EndGlobalSection
EndGlobal
