
Microsoft Visual Studio Solution File, Format Version 12.00
# Visual Studio 15
VisualStudioVersion = 15.0.27004.2008
MinimumVisualStudioVersion = 10.0.40219.1
Project("{FAE04EC0-301F-11D3-BF4B-00C04F79EFBC}") = "LJCDBMessage", "LJCDBMessage\LJCDBMessage.csproj", "{3C060BC0-91EB-48AD-9E0B-07D9D9661522}"
EndProject
Project("{FAE04EC0-301F-11D3-BF4B-00C04F79EFBC}") = "ConsoleApp1", "ConsoleApp1\ConsoleApp1.csproj", "{C38DDA52-B63D-44FF-954B-AFF657AA9851}"
EndProject
Project("{FAE04EC0-301F-11D3-BF4B-00C04F79EFBC}") = "CipherLib", "CipherLib\CipherLib.csproj", "{5CB84FB0-4109-4BA7-A66D-0ADC4571F996}"
EndProject
Global
	GlobalSection(SolutionConfigurationPlatforms) = preSolution
		Debug|Any CPU = Debug|Any CPU
		Release|Any CPU = Release|Any CPU
	EndGlobalSection
	GlobalSection(ProjectConfigurationPlatforms) = postSolution
		{3C060BC0-91EB-48AD-9E0B-07D9D9661522}.Debug|Any CPU.ActiveCfg = Debug|Any CPU
		{3C060BC0-91EB-48AD-9E0B-07D9D9661522}.Debug|Any CPU.Build.0 = Debug|Any CPU
		{3C060BC0-91EB-48AD-9E0B-07D9D9661522}.Release|Any CPU.ActiveCfg = Release|Any CPU
		{3C060BC0-91EB-48AD-9E0B-07D9D9661522}.Release|Any CPU.Build.0 = Release|Any CPU
		{C38DDA52-B63D-44FF-954B-AFF657AA9851}.Debug|Any CPU.ActiveCfg = Debug|Any CPU
		{C38DDA52-B63D-44FF-954B-AFF657AA9851}.Debug|Any CPU.Build.0 = Debug|Any CPU
		{C38DDA52-B63D-44FF-954B-AFF657AA9851}.Release|Any CPU.ActiveCfg = Release|Any CPU
		{C38DDA52-B63D-44FF-954B-AFF657AA9851}.Release|Any CPU.Build.0 = Release|Any CPU
		{5CB84FB0-4109-4BA7-A66D-0ADC4571F996}.Debug|Any CPU.ActiveCfg = Debug|Any CPU
		{5CB84FB0-4109-4BA7-A66D-0ADC4571F996}.Debug|Any CPU.Build.0 = Debug|Any CPU
		{5CB84FB0-4109-4BA7-A66D-0ADC4571F996}.Release|Any CPU.ActiveCfg = Release|Any CPU
		{5CB84FB0-4109-4BA7-A66D-0ADC4571F996}.Release|Any CPU.Build.0 = Release|Any CPU
	EndGlobalSection
	GlobalSection(SolutionProperties) = preSolution
		HideSolutionNode = FALSE
	EndGlobalSection
	GlobalSection(ExtensibilityGlobals) = postSolution
		SolutionGuid = {FD23DBCB-BDD0-4275-977C-EC533FC9837B}
	EndGlobalSection
EndGlobal
