
Microsoft Visual Studio Solution File, Format Version 12.00
# Visual Studio 15
VisualStudioVersion = 15.0.27004.2008
MinimumVisualStudioVersion = 10.0.40219.1
Project("{FAE04EC0-301F-11D3-BF4B-00C04F79EFBC}") = "LJCRegionManager", "LJCRegionManager\LJCRegionManager.csproj", "{5B2399D2-0987-4581-8442-D56C021385F1}"
EndProject
Project("{FAE04EC0-301F-11D3-BF4B-00C04F79EFBC}") = "LJCRegionDAL", "LJCRegionDAL\LJCRegionDAL.csproj", "{CD9136A5-4F76-4862-9BA1-706BBA964EBD}"
EndProject
Project("{FAE04EC0-301F-11D3-BF4B-00C04F79EFBC}") = "LJCRegionForm", "LJCRegionForm\LJCRegionForm.csproj", "{BF6F30B9-BFD9-49A2-A402-D8417E5A3352}"
EndProject
Project("{FAE04EC0-301F-11D3-BF4B-00C04F79EFBC}") = "LJCRegionItem", "LJCRegionItem\LJCRegionItem.csproj", "{8F84CCD0-486A-479C-9037-586671C1AFE8}"
EndProject
Global
	GlobalSection(SolutionConfigurationPlatforms) = preSolution
		Debug|Any CPU = Debug|Any CPU
		Release|Any CPU = Release|Any CPU
	EndGlobalSection
	GlobalSection(ProjectConfigurationPlatforms) = postSolution
		{5B2399D2-0987-4581-8442-D56C021385F1}.Debug|Any CPU.ActiveCfg = Debug|Any CPU
		{5B2399D2-0987-4581-8442-D56C021385F1}.Debug|Any CPU.Build.0 = Debug|Any CPU
		{5B2399D2-0987-4581-8442-D56C021385F1}.Release|Any CPU.ActiveCfg = Release|Any CPU
		{5B2399D2-0987-4581-8442-D56C021385F1}.Release|Any CPU.Build.0 = Release|Any CPU
		{CD9136A5-4F76-4862-9BA1-706BBA964EBD}.Debug|Any CPU.ActiveCfg = Debug|Any CPU
		{CD9136A5-4F76-4862-9BA1-706BBA964EBD}.Debug|Any CPU.Build.0 = Debug|Any CPU
		{CD9136A5-4F76-4862-9BA1-706BBA964EBD}.Release|Any CPU.ActiveCfg = Release|Any CPU
		{CD9136A5-4F76-4862-9BA1-706BBA964EBD}.Release|Any CPU.Build.0 = Release|Any CPU
		{BF6F30B9-BFD9-49A2-A402-D8417E5A3352}.Debug|Any CPU.ActiveCfg = Debug|Any CPU
		{BF6F30B9-BFD9-49A2-A402-D8417E5A3352}.Debug|Any CPU.Build.0 = Debug|Any CPU
		{BF6F30B9-BFD9-49A2-A402-D8417E5A3352}.Release|Any CPU.ActiveCfg = Release|Any CPU
		{BF6F30B9-BFD9-49A2-A402-D8417E5A3352}.Release|Any CPU.Build.0 = Release|Any CPU
		{8F84CCD0-486A-479C-9037-586671C1AFE8}.Debug|Any CPU.ActiveCfg = Debug|Any CPU
		{8F84CCD0-486A-479C-9037-586671C1AFE8}.Debug|Any CPU.Build.0 = Debug|Any CPU
		{8F84CCD0-486A-479C-9037-586671C1AFE8}.Release|Any CPU.ActiveCfg = Release|Any CPU
		{8F84CCD0-486A-479C-9037-586671C1AFE8}.Release|Any CPU.Build.0 = Release|Any CPU
	EndGlobalSection
	GlobalSection(SolutionProperties) = preSolution
		HideSolutionNode = FALSE
	EndGlobalSection
	GlobalSection(ExtensibilityGlobals) = postSolution
		SolutionGuid = {414521C1-6272-47FA-9C94-BD6F80F53557}
	EndGlobalSection
EndGlobal
