
Microsoft Visual Studio Solution File, Format Version 12.00
# Visual Studio Version 17
VisualStudioVersion = 17.14.37516.0
MinimumVisualStudioVersion = 10.0.40219.1
Project("{FAE04EC0-301F-11D3-BF4B-00C04F79EFBC}") = "LJCDataUtility5", "LJCDataUtility5\LJCDataUtility5.csproj", "{C3F48A2A-5256-433F-BEBD-A9DEB045F9FB}"
EndProject
Project("{FAE04EC0-301F-11D3-BF4B-00C04F79EFBC}") = "LJCControls5", "LJCControls5\LJCControls5.csproj", "{6920B2C8-4D4D-4672-A930-FE989DEF57E9}"
EndProject
Project("{FAE04EC0-301F-11D3-BF4B-00C04F79EFBC}") = "LJCDataUtilityDAL", "LJCDataUtilityDAL5\LJCDataUtilityDAL.csproj", "{BC558B62-9319-2F2D-78B8-8E765696A8EA}"
EndProject
Project("{FAE04EC0-301F-11D3-BF4B-00C04F79EFBC}") = "LJCDataSiteDAL5", "LJCDataSiteDAL5\LJCDataSiteDAL5.csproj", "{D991EECB-D52E-4426-9CEC-88E7DB21980B}"
EndProject
Global
	GlobalSection(SolutionConfigurationPlatforms) = preSolution
		Debug|Any CPU = Debug|Any CPU
		Release|Any CPU = Release|Any CPU
	EndGlobalSection
	GlobalSection(ProjectConfigurationPlatforms) = postSolution
		{C3F48A2A-5256-433F-BEBD-A9DEB045F9FB}.Debug|Any CPU.ActiveCfg = Debug|Any CPU
		{C3F48A2A-5256-433F-BEBD-A9DEB045F9FB}.Debug|Any CPU.Build.0 = Debug|Any CPU
		{C3F48A2A-5256-433F-BEBD-A9DEB045F9FB}.Release|Any CPU.ActiveCfg = Release|Any CPU
		{C3F48A2A-5256-433F-BEBD-A9DEB045F9FB}.Release|Any CPU.Build.0 = Release|Any CPU
		{6920B2C8-4D4D-4672-A930-FE989DEF57E9}.Debug|Any CPU.ActiveCfg = Debug|Any CPU
		{6920B2C8-4D4D-4672-A930-FE989DEF57E9}.Debug|Any CPU.Build.0 = Debug|Any CPU
		{6920B2C8-4D4D-4672-A930-FE989DEF57E9}.Release|Any CPU.ActiveCfg = Release|Any CPU
		{6920B2C8-4D4D-4672-A930-FE989DEF57E9}.Release|Any CPU.Build.0 = Release|Any CPU
		{BC558B62-9319-2F2D-78B8-8E765696A8EA}.Debug|Any CPU.ActiveCfg = Debug|Any CPU
		{BC558B62-9319-2F2D-78B8-8E765696A8EA}.Debug|Any CPU.Build.0 = Debug|Any CPU
		{BC558B62-9319-2F2D-78B8-8E765696A8EA}.Release|Any CPU.ActiveCfg = Release|Any CPU
		{BC558B62-9319-2F2D-78B8-8E765696A8EA}.Release|Any CPU.Build.0 = Release|Any CPU
		{D991EECB-D52E-4426-9CEC-88E7DB21980B}.Debug|Any CPU.ActiveCfg = Debug|Any CPU
		{D991EECB-D52E-4426-9CEC-88E7DB21980B}.Debug|Any CPU.Build.0 = Debug|Any CPU
		{D991EECB-D52E-4426-9CEC-88E7DB21980B}.Release|Any CPU.ActiveCfg = Release|Any CPU
		{D991EECB-D52E-4426-9CEC-88E7DB21980B}.Release|Any CPU.Build.0 = Release|Any CPU
	EndGlobalSection
	GlobalSection(SolutionProperties) = preSolution
		HideSolutionNode = FALSE
	EndGlobalSection
	GlobalSection(ExtensibilityGlobals) = postSolution
		SolutionGuid = {70DC3D5B-B541-4789-8C54-F583A904F341}
	EndGlobalSection
EndGlobal
